// !$*UTF8*$!
{
	archiveVersion = 1;
	classes = {
	};
	objectVersion = 56;
	objects = {

/* Begin PBXBuildFile section */
		56B273547158B74FFAD1DFBA /* libPods-Example-ExampleTests.a in Frameworks */ = {isa = PBXBuildFile; fileRef = 3C40AB27CF07CA5FE891CFF5 /* libPods-Example-ExampleTests.a */; };
		637F7ACA2C1B6A5700419432 /* AppDelegate.swift in Sources */ = {isa = PBXBuildFile; fileRef = 637F7AC92C1B6A5700419432 /* AppDelegate.swift */; };
		637F7ACC2C1B6A5700419432 /* SceneDelegate.swift in Sources */ = {isa = PBXBuildFile; fileRef = 637F7ACB2C1B6A5700419432 /* SceneDelegate.swift */; };
		637F7ACE2C1B6A5700419432 /* ViewController.swift in Sources */ = {isa = PBXBuildFile; fileRef = 637F7ACD2C1B6A5700419432 /* ViewController.swift */; };
		637F7AD12C1B6A5700419432 /* Base in Resources */ = {isa = PBXBuildFile; fileRef = 637F7AD02C1B6A5700419432 /* Base */; };
		637F7AD32C1B6A5800419432 /* Assets.xcassets in Resources */ = {isa = PBXBuildFile; fileRef = 637F7AD22C1B6A5800419432 /* Assets.xcassets */; };
		637F7AD62C1B6A5800419432 /* Base in Resources */ = {isa = PBXBuildFile; fileRef = 637F7AD52C1B6A5800419432 /* Base */; };
		637F7AE22C1B6D6300419432 /* libPods-Example.a in Frameworks */ = {isa = PBXBuildFile; fileRef = 637F7AE12C1B6D6300419432 /* libPods-Example.a */; settings = {ATTRIBUTES = (Required, ); }; };
		637F7AE32C1B6DAA00419432 /* XCTest.framework in Frameworks */ = {isa = PBXBuildFile; fileRef = 637F7ADD2C1B6C7500419432 /* XCTest.framework */; settings = {ATTRIBUTES = (Weak, ); }; };
		637F7AE82C1C212200419432 /* DetailsVC.xib in Resources */ = {isa = PBXBuildFile; fileRef = 637F7AE72C1C212200419432 /* DetailsVC.xib */; };
		637F7AE92C1C212200419432 /* DetailsVC.swift in Sources */ = {isa = PBXBuildFile; fileRef = 637F7AE62C1C212200419432 /* DetailsVC.swift */; };
		637F7AEC2C1C234200419432 /* UItableView+Extension.swift in Sources */ = {isa = PBXBuildFile; fileRef = 637F7AEB2C1C234200419432 /* UItableView+Extension.swift */; };
		637F7AEF2C1C238300419432 /* DogsTVC.xib in Resources */ = {isa = PBXBuildFile; fileRef = 637F7AEE2C1C238300419432 /* DogsTVC.xib */; };
		637F7AF02C1C238300419432 /* DogsTVC.swift in Sources */ = {isa = PBXBuildFile; fileRef = 637F7AED2C1C238300419432 /* DogsTVC.swift */; };
		637F7AF42C1C323500419432 /* HomeViewModel.swift in Sources */ = {isa = PBXBuildFile; fileRef = 637F7AF32C1C323500419432 /* HomeViewModel.swift */; };
		637F7AF72C1C475E00419432 /* Example.xcdatamodeld in Sources */ = {isa = PBXBuildFile; fileRef = 637F7AF52C1C475E00419432 /* Example.xcdatamodeld */; };
		637F7AFD2C1C48E300419432 /* PersistentStorage.swift in Sources */ = {isa = PBXBuildFile; fileRef = 637F7AFC2C1C48E300419432 /* PersistentStorage.swift */; };
		637F7B012C1C4E1B00419432 /* DogData+CoreDataClass.swift in Sources */ = {isa = PBXBuildFile; fileRef = 637F7AFF2C1C4E1B00419432 /* DogData+CoreDataClass.swift */; };
		637F7B022C1C4E1B00419432 /* DogData+CoreDataProperties.swift in Sources */ = {isa = PBXBuildFile; fileRef = 637F7B002C1C4E1B00419432 /* DogData+CoreDataProperties.swift */; };
		637F7B052C1C4EAB00419432 /* DogDataRepository.swift in Sources */ = {isa = PBXBuildFile; fileRef = 637F7B042C1C4EAB00419432 /* DogDataRepository.swift */; };
		637F7B0A2C1C4FA300419432 /* DogItem.swift in Sources */ = {isa = PBXBuildFile; fileRef = 637F7B092C1C4FA300419432 /* DogItem.swift */; };
		637F7B122C1D934600419432 /* ExampleTests.swift in Sources */ = {isa = PBXBuildFile; fileRef = 637F7B112C1D934600419432 /* ExampleTests.swift */; };
		637F7B192C1D986000419432 /* DogDataRepositoryUnitTest.swift in Sources */ = {isa = PBXBuildFile; fileRef = 637F7B182C1D986000419432 /* DogDataRepositoryUnitTest.swift */; };
		637F7B1B2C1DE8BE00419432 /* HomeViewModelUnitTest.swift in Sources */ = {isa = PBXBuildFile; fileRef = 637F7B1A2C1DE8BE00419432 /* HomeViewModelUnitTest.swift */; };
/* End PBXBuildFile section */

/* Begin PBXContainerItemProxy section */
		637F7B132C1D934600419432 /* PBXContainerItemProxy */ = {
			isa = PBXContainerItemProxy;
			containerPortal = 637F7ABE2C1B6A5700419432 /* Project object */;
			proxyType = 1;
			remoteGlobalIDString = 637F7AC52C1B6A5700419432;
			remoteInfo = Example;
		};
/* End PBXContainerItemProxy section */

/* Begin PBXFileReference section */
		3C40AB27CF07CA5FE891CFF5 /* libPods-Example-ExampleTests.a */ = {isa = PBXFileReference; explicitFileType = archive.ar; includeInIndex = 0; path = "libPods-Example-ExampleTests.a"; sourceTree = BUILT_PRODUCTS_DIR; };
		5CF3160582ECC6233CDAEED1 /* Pods-Example-ExampleTests.release.xcconfig */ = {isa = PBXFileReference; includeInIndex = 1; lastKnownFileType = text.xcconfig; name = "Pods-Example-ExampleTests.release.xcconfig"; path = "Target Support Files/Pods-Example-ExampleTests/Pods-Example-ExampleTests.release.xcconfig"; sourceTree = "<group>"; };
		637F7AC62C1B6A5700419432 /* Example.app */ = {isa = PBXFileReference; explicitFileType = wrapper.application; includeInIndex = 0; path = Example.app; sourceTree = BUILT_PRODUCTS_DIR; };
		637F7AC92C1B6A5700419432 /* AppDelegate.swift */ = {isa = PBXFileReference; lastKnownFileType = sourcecode.swift; path = AppDelegate.swift; sourceTree = "<group>"; };
		637F7ACB2C1B6A5700419432 /* SceneDelegate.swift */ = {isa = PBXFileReference; lastKnownFileType = sourcecode.swift; path = SceneDelegate.swift; sourceTree = "<group>"; };
		637F7ACD2C1B6A5700419432 /* ViewController.swift */ = {isa = PBXFileReference; lastKnownFileType = sourcecode.swift; path = ViewController.swift; sourceTree = "<group>"; };
		637F7AD02C1B6A5700419432 /* Base */ = {isa = PBXFileReference; lastKnownFileType = file.storyboard; name = Base; path = Base.lproj/Main.storyboard; sourceTree = "<group>"; };
		637F7AD22C1B6A5800419432 /* Assets.xcassets */ = {isa = PBXFileReference; lastKnownFileType = folder.assetcatalog; path = Assets.xcassets; sourceTree = "<group>"; };
		637F7AD52C1B6A5800419432 /* Base */ = {isa = PBXFileReference; lastKnownFileType = file.storyboard; name = Base; path = Base.lproj/LaunchScreen.storyboard; sourceTree = "<group>"; };
		637F7AD72C1B6A5800419432 /* Info.plist */ = {isa = PBXFileReference; lastKnownFileType = text.plist.xml; path = Info.plist; sourceTree = "<group>"; };
		637F7ADD2C1B6C7500419432 /* XCTest.framework */ = {isa = PBXFileReference; lastKnownFileType = wrapper.framework; name = XCTest.framework; path = Platforms/iPhoneOS.platform/Developer/Library/Frameworks/XCTest.framework; sourceTree = DEVELOPER_DIR; };
		637F7AE12C1B6D6300419432 /* libPods-Example.a */ = {isa = PBXFileReference; explicitFileType = archive.ar; path = "libPods-Example.a"; sourceTree = BUILT_PRODUCTS_DIR; };
		637F7AE62C1C212200419432 /* DetailsVC.swift */ = {isa = PBXFileReference; lastKnownFileType = sourcecode.swift; path = DetailsVC.swift; sourceTree = "<group>"; };
		637F7AE72C1C212200419432 /* DetailsVC.xib */ = {isa = PBXFileReference; lastKnownFileType = file.xib; path = DetailsVC.xib; sourceTree = "<group>"; };
		637F7AEB2C1C234200419432 /* UItableView+Extension.swift */ = {isa = PBXFileReference; lastKnownFileType = sourcecode.swift; path = "UItableView+Extension.swift"; sourceTree = "<group>"; };
		637F7AED2C1C238300419432 /* DogsTVC.swift */ = {isa = PBXFileReference; lastKnownFileType = sourcecode.swift; path = DogsTVC.swift; sourceTree = "<group>"; };
		637F7AEE2C1C238300419432 /* DogsTVC.xib */ = {isa = PBXFileReference; lastKnownFileType = file.xib; path = DogsTVC.xib; sourceTree = "<group>"; };
		637F7AF32C1C323500419432 /* HomeViewModel.swift */ = {isa = PBXFileReference; lastKnownFileType = sourcecode.swift; path = HomeViewModel.swift; sourceTree = "<group>"; };
		637F7AF62C1C475E00419432 /* Example.xcdatamodel */ = {isa = PBXFileReference; lastKnownFileType = wrapper.xcdatamodel; path = Example.xcdatamodel; sourceTree = "<group>"; };
		637F7AFC2C1C48E300419432 /* PersistentStorage.swift */ = {isa = PBXFileReference; lastKnownFileType = sourcecode.swift; path = PersistentStorage.swift; sourceTree = "<group>"; };
		637F7AFF2C1C4E1B00419432 /* DogData+CoreDataClass.swift */ = {isa = PBXFileReference; lastKnownFileType = sourcecode.swift; path = "DogData+CoreDataClass.swift"; sourceTree = SOURCE_ROOT; };
		637F7B002C1C4E1B00419432 /* DogData+CoreDataProperties.swift */ = {isa = PBXFileReference; lastKnownFileType = sourcecode.swift; path = "DogData+CoreDataProperties.swift"; sourceTree = SOURCE_ROOT; };
		637F7B042C1C4EAB00419432 /* DogDataRepository.swift */ = {isa = PBXFileReference; lastKnownFileType = sourcecode.swift; path = DogDataRepository.swift; sourceTree = "<group>"; };
		637F7B092C1C4FA300419432 /* DogItem.swift */ = {isa = PBXFileReference; lastKnownFileType = sourcecode.swift; path = DogItem.swift; sourceTree = "<group>"; };
		637F7B0F2C1D934600419432 /* ExampleTests.xctest */ = {isa = PBXFileReference; explicitFileType = wrapper.cfbundle; includeInIndex = 0; path = ExampleTests.xctest; sourceTree = BUILT_PRODUCTS_DIR; };
		637F7B112C1D934600419432 /* ExampleTests.swift */ = {isa = PBXFileReference; lastKnownFileType = sourcecode.swift; path = ExampleTests.swift; sourceTree = "<group>"; };
		637F7B182C1D986000419432 /* DogDataRepositoryUnitTest.swift */ = {isa = PBXFileReference; lastKnownFileType = sourcecode.swift; path = DogDataRepositoryUnitTest.swift; sourceTree = "<group>"; };
		637F7B1A2C1DE8BE00419432 /* HomeViewModelUnitTest.swift */ = {isa = PBXFileReference; lastKnownFileType = sourcecode.swift; path = HomeViewModelUnitTest.swift; sourceTree = "<group>"; };
		654DF123F7B97C72B1514B8A /* Pods-Example-ExampleTests.debug.xcconfig */ = {isa = PBXFileReference; includeInIndex = 1; lastKnownFileType = text.xcconfig; name = "Pods-Example-ExampleTests.debug.xcconfig"; path = "Target Support Files/Pods-Example-ExampleTests/Pods-Example-ExampleTests.debug.xcconfig"; sourceTree = "<group>"; };
		81B5E543C26E5BA0B715EB1C /* Pods-Example.debug.xcconfig */ = {isa = PBXFileReference; includeInIndex = 1; lastKnownFileType = text.xcconfig; name = "Pods-Example.debug.xcconfig"; path = "Target Support Files/Pods-Example/Pods-Example.debug.xcconfig"; sourceTree = "<group>"; };
		C05A8F9F74C2AD0AD8C4D1F3 /* libPods-Example.a */ = {isa = PBXFileReference; explicitFileType = archive.ar; includeInIndex = 0; path = "libPods-Example.a"; sourceTree = BUILT_PRODUCTS_DIR; };
		D930EA9A317770515E87102F /* Pods-Example.release.xcconfig */ = {isa = PBXFileReference; includeInIndex = 1; lastKnownFileType = text.xcconfig; name = "Pods-Example.release.xcconfig"; path = "Target Support Files/Pods-Example/Pods-Example.release.xcconfig"; sourceTree = "<group>"; };
/* End PBXFileReference section */

/* Begin PBXFrameworksBuildPhase section */
		637F7AC32C1B6A5700419432 /* Frameworks */ = {
			isa = PBXFrameworksBuildPhase;
			buildActionMask = 2147483647;
			files = (
				637F7AE32C1B6DAA00419432 /* XCTest.framework in Frameworks */,
				637F7AE22C1B6D6300419432 /* libPods-Example.a in Frameworks */,
			);
			runOnlyForDeploymentPostprocessing = 0;
		};
		637F7B0C2C1D934600419432 /* Frameworks */ = {
			isa = PBXFrameworksBuildPhase;
			buildActionMask = 2147483647;
			files = (
				56B273547158B74FFAD1DFBA /* libPods-Example-ExampleTests.a in Frameworks */,
			);
			runOnlyForDeploymentPostprocessing = 0;
		};
/* End PBXFrameworksBuildPhase section */

/* Begin PBXGroup section */
		479E0C37CA4BB6DF5C1B555E /* Pods */ = {
			isa = PBXGroup;
			children = (
				81B5E543C26E5BA0B715EB1C /* Pods-Example.debug.xcconfig */,
				D930EA9A317770515E87102F /* Pods-Example.release.xcconfig */,
				654DF123F7B97C72B1514B8A /* Pods-Example-ExampleTests.debug.xcconfig */,
				5CF3160582ECC6233CDAEED1 /* Pods-Example-ExampleTests.release.xcconfig */,
			);
			path = Pods;
			sourceTree = "<group>";
		};
		637F7ABD2C1B6A5700419432 = {
			isa = PBXGroup;
			children = (
				637F7AC82C1B6A5700419432 /* Example */,
				637F7B102C1D934600419432 /* ExampleTests */,
				637F7AC72C1B6A5700419432 /* Products */,
				479E0C37CA4BB6DF5C1B555E /* Pods */,
				6B619C78954B12F3E0090551 /* Frameworks */,
			);
			sourceTree = "<group>";
		};
		637F7AC72C1B6A5700419432 /* Products */ = {
			isa = PBXGroup;
			children = (
				637F7AC62C1B6A5700419432 /* Example.app */,
				637F7B0F2C1D934600419432 /* ExampleTests.xctest */,
			);
			name = Products;
			sourceTree = "<group>";
		};
		637F7AC82C1B6A5700419432 /* Example */ = {
			isa = PBXGroup;
			children = (
				637F7AFE2C1C48F500419432 /* Core Data */,
				637F7AEA2C1C232F00419432 /* Utility */,
				637F7AE52C1C210400419432 /* Detail View */,
				637F7AE42C1C1EEB00419432 /* Home View */,
				637F7AC92C1B6A5700419432 /* AppDelegate.swift */,
				637F7ACB2C1B6A5700419432 /* SceneDelegate.swift */,
				637F7AD22C1B6A5800419432 /* Assets.xcassets */,
				637F7AD42C1B6A5800419432 /* LaunchScreen.storyboard */,
				637F7AD72C1B6A5800419432 /* Info.plist */,
				637F7AF52C1C475E00419432 /* Example.xcdatamodeld */,
			);
			path = Example;
			sourceTree = "<group>";
		};
		637F7AE42C1C1EEB00419432 /* Home View */ = {
			isa = PBXGroup;
			children = (
				637F7B062C1C4F1000419432 /* Model */,
				637F7B032C1C4E9100419432 /* Repository */,
				637F7AF22C1C322400419432 /* View Model */,
				637F7ACD2C1B6A5700419432 /* ViewController.swift */,
				637F7ACF2C1B6A5700419432 /* Main.storyboard */,
			);
			path = "Home View";
			sourceTree = "<group>";
		};
		637F7AE52C1C210400419432 /* Detail View */ = {
			isa = PBXGroup;
			children = (
				637F7AF12C1C240E00419432 /* Cells */,
				637F7AE62C1C212200419432 /* DetailsVC.swift */,
				637F7AE72C1C212200419432 /* DetailsVC.xib */,
			);
			path = "Detail View";
			sourceTree = "<group>";
		};
		637F7AEA2C1C232F00419432 /* Utility */ = {
			isa = PBXGroup;
			children = (
				637F7AEB2C1C234200419432 /* UItableView+Extension.swift */,
			);
			path = Utility;
			sourceTree = "<group>";
		};
		637F7AF12C1C240E00419432 /* Cells */ = {
			isa = PBXGroup;
			children = (
				637F7AED2C1C238300419432 /* DogsTVC.swift */,
				637F7AEE2C1C238300419432 /* DogsTVC.xib */,
			);
			path = Cells;
			sourceTree = "<group>";
		};
		637F7AF22C1C322400419432 /* View Model */ = {
			isa = PBXGroup;
			children = (
				637F7AF32C1C323500419432 /* HomeViewModel.swift */,
			);
			path = "View Model";
			sourceTree = "<group>";
		};
		637F7AFE2C1C48F500419432 /* Core Data */ = {
			isa = PBXGroup;
			children = (
				637F7AFF2C1C4E1B00419432 /* DogData+CoreDataClass.swift */,
				637F7B002C1C4E1B00419432 /* DogData+CoreDataProperties.swift */,
				637F7AFC2C1C48E300419432 /* PersistentStorage.swift */,
			);
			path = "Core Data";
			sourceTree = "<group>";
		};
		637F7B032C1C4E9100419432 /* Repository */ = {
			isa = PBXGroup;
			children = (
				637F7B042C1C4EAB00419432 /* DogDataRepository.swift */,
			);
			path = Repository;
			sourceTree = "<group>";
		};
		637F7B062C1C4F1000419432 /* Model */ = {
			isa = PBXGroup;
			children = (
				637F7B092C1C4FA300419432 /* DogItem.swift */,
			);
			path = Model;
			sourceTree = "<group>";
		};
		637F7B102C1D934600419432 /* ExampleTests */ = {
			isa = PBXGroup;
			children = (
				637F7B112C1D934600419432 /* ExampleTests.swift */,
				637F7B182C1D986000419432 /* DogDataRepositoryUnitTest.swift */,
				637F7B1A2C1DE8BE00419432 /* HomeViewModelUnitTest.swift */,
			);
			path = ExampleTests;
			sourceTree = "<group>";
		};
		6B619C78954B12F3E0090551 /* Frameworks */ = {
			isa = PBXGroup;
			children = (
				637F7AE12C1B6D6300419432 /* libPods-Example.a */,
				637F7ADD2C1B6C7500419432 /* XCTest.framework */,
				C05A8F9F74C2AD0AD8C4D1F3 /* libPods-Example.a */,
				3C40AB27CF07CA5FE891CFF5 /* libPods-Example-ExampleTests.a */,
			);
			name = Frameworks;
			sourceTree = "<group>";
		};
/* End PBXGroup section */

/* Begin PBXNativeTarget section */
		637F7AC52C1B6A5700419432 /* Example */ = {
			isa = PBXNativeTarget;
			buildConfigurationList = 637F7ADA2C1B6A5800419432 /* Build configuration list for PBXNativeTarget "Example" */;
			buildPhases = (
				60F9D5098E64841E761D05AB /* [CP] Check Pods Manifest.lock */,
				637F7AC22C1B6A5700419432 /* Sources */,
				637F7AC32C1B6A5700419432 /* Frameworks */,
				637F7AC42C1B6A5700419432 /* Resources */,
				0DB3D8D99ABAD18038782526 /* [CP] Copy Pods Resources */,
			);
			buildRules = (
			);
			dependencies = (
			);
			name = Example;
			productName = Example;
			productReference = 637F7AC62C1B6A5700419432 /* Example.app */;
			productType = "com.apple.product-type.application";
		};
		637F7B0E2C1D934600419432 /* ExampleTests */ = {
			isa = PBXNativeTarget;
			buildConfigurationList = 637F7B172C1D934600419432 /* Build configuration list for PBXNativeTarget "ExampleTests" */;
			buildPhases = (
				BCCA410F950C5C0D9B286E1B /* [CP] Check Pods Manifest.lock */,
				637F7B0B2C1D934600419432 /* Sources */,
				637F7B0C2C1D934600419432 /* Frameworks */,
				637F7B0D2C1D934600419432 /* Resources */,
				FEDDDF9A9E3E7E238B1416CE /* [CP] Copy Pods Resources */,
			);
			buildRules = (
			);
			dependencies = (
				637F7B142C1D934600419432 /* PBXTargetDependency */,
			);
			name = ExampleTests;
			productName = ExampleTests;
			productReference = 637F7B0F2C1D934600419432 /* ExampleTests.xctest */;
			productType = "com.apple.product-type.bundle.unit-test";
		};
/* End PBXNativeTarget section */

/* Begin PBXProject section */
		637F7ABE2C1B6A5700419432 /* Project object */ = {
			isa = PBXProject;
			attributes = {
				BuildIndependentTargetsInParallel = 1;
				LastSwiftUpdateCheck = 1540;
				LastUpgradeCheck = 1540;
				TargetAttributes = {
					637F7AC52C1B6A5700419432 = {
						CreatedOnToolsVersion = 15.4;
					};
					637F7B0E2C1D934600419432 = {
						CreatedOnToolsVersion = 15.4;
						TestTargetID = 637F7AC52C1B6A5700419432;
					};
				};
			};
			buildConfigurationList = 637F7AC12C1B6A5700419432 /* Build configuration list for PBXProject "Example" */;
			compatibilityVersion = "Xcode 14.0";
			developmentRegion = en;
			hasScannedForEncodings = 0;
			knownRegions = (
				en,
				Base,
			);
			mainGroup = 637F7ABD2C1B6A5700419432;
			productRefGroup = 637F7AC72C1B6A5700419432 /* Products */;
			projectDirPath = "";
			projectRoot = "";
			targets = (
				637F7AC52C1B6A5700419432 /* Example */,
				637F7B0E2C1D934600419432 /* ExampleTests */,
			);
		};
/* End PBXProject section */

/* Begin PBXResourcesBuildPhase section */
		637F7AC42C1B6A5700419432 /* Resources */ = {
			isa = PBXResourcesBuildPhase;
			buildActionMask = 2147483647;
			files = (
				637F7AD32C1B6A5800419432 /* Assets.xcassets in Resources */,
				637F7AE82C1C212200419432 /* DetailsVC.xib in Resources */,
				637F7AD62C1B6A5800419432 /* Base in Resources */,
				637F7AD12C1B6A5700419432 /* Base in Resources */,
				637F7AEF2C1C238300419432 /* DogsTVC.xib in Resources */,
			);
			runOnlyForDeploymentPostprocessing = 0;
		};
		637F7B0D2C1D934600419432 /* Resources */ = {
			isa = PBXResourcesBuildPhase;
			buildActionMask = 2147483647;
			files = (
			);
			runOnlyForDeploymentPostprocessing = 0;
		};
/* End PBXResourcesBuildPhase section */

/* Begin PBXShellScriptBuildPhase section */
		0DB3D8D99ABAD18038782526 /* [CP] Copy Pods Resources */ = {
			isa = PBXShellScriptBuildPhase;
			buildActionMask = 2147483647;
			files = (
			);
			inputFileListPaths = (
				"${PODS_ROOT}/Target Support Files/Pods-Example/Pods-Example-resources-${CONFIGURATION}-input-files.xcfilelist",
			);
			name = "[CP] Copy Pods Resources";
			outputFileListPaths = (
				"${PODS_ROOT}/Target Support Files/Pods-Example/Pods-Example-resources-${CONFIGURATION}-output-files.xcfilelist",
			);
			runOnlyForDeploymentPostprocessing = 0;
			shellPath = /bin/sh;
			shellScript = "\"${PODS_ROOT}/Target Support Files/Pods-Example/Pods-Example-resources.sh\"\n";
			showEnvVarsInLog = 0;
		};
		60F9D5098E64841E761D05AB /* [CP] Check Pods Manifest.lock */ = {
			isa = PBXShellScriptBuildPhase;
			buildActionMask = 2147483647;
			files = (
			);
			inputFileListPaths = (
			);
			inputPaths = (
				"${PODS_PODFILE_DIR_PATH}/Podfile.lock",
				"${PODS_ROOT}/Manifest.lock",
			);
			name = "[CP] Check Pods Manifest.lock";
			outputFileListPaths = (
			);
			outputPaths = (
				"$(DERIVED_FILE_DIR)/Pods-Example-checkManifestLockResult.txt",
			);
			runOnlyForDeploymentPostprocessing = 0;
			shellPath = /bin/sh;
			shellScript = "diff \"${PODS_PODFILE_DIR_PATH}/Podfile.lock\" \"${PODS_ROOT}/Manifest.lock\" > /dev/null\nif [ $? != 0 ] ; then\n    # print error to STDERR\n    echo \"error: The sandbox is not in sync with the Podfile.lock. Run 'pod install' or update your CocoaPods installation.\" >&2\n    exit 1\nfi\n# This output is used by Xcode 'outputs' to avoid re-running this script phase.\necho \"SUCCESS\" > \"${SCRIPT_OUTPUT_FILE_0}\"\n";
			showEnvVarsInLog = 0;
		};
		BCCA410F950C5C0D9B286E1B /* [CP] Check Pods Manifest.lock */ = {
			isa = PBXShellScriptBuildPhase;
			buildActionMask = 2147483647;
			files = (
			);
			inputFileListPaths = (
			);
			inputPaths = (
				"${PODS_PODFILE_DIR_PATH}/Podfile.lock",
				"${PODS_ROOT}/Manifest.lock",
			);
			name = "[CP] Check Pods Manifest.lock";
			outputFileListPaths = (
			);
			outputPaths = (
				"$(DERIVED_FILE_DIR)/Pods-Example-ExampleTests-checkManifestLockResult.txt",
			);
			runOnlyForDeploymentPostprocessing = 0;
			shellPath = /bin/sh;
			shellScript = "diff \"${PODS_PODFILE_DIR_PATH}/Podfile.lock\" \"${PODS_ROOT}/Manifest.lock\" > /dev/null\nif [ $? != 0 ] ; then\n    # print error to STDERR\n    echo \"error: The sandbox is not in sync with the Podfile.lock. Run 'pod install' or update your CocoaPods installation.\" >&2\n    exit 1\nfi\n# This output is used by Xcode 'outputs' to avoid re-running this script phase.\necho \"SUCCESS\" > \"${SCRIPT_OUTPUT_FILE_0}\"\n";
			showEnvVarsInLog = 0;
		};
		FEDDDF9A9E3E7E238B1416CE /* [CP] Copy Pods Resources */ = {
			isa = PBXShellScriptBuildPhase;
			buildActionMask = 2147483647;
			files = (
			);
			inputFileListPaths = (
				"${PODS_ROOT}/Target Support Files/Pods-Example-ExampleTests/Pods-Example-ExampleTests-resources-${CONFIGURATION}-input-files.xcfilelist",
			);
			name = "[CP] Copy Pods Resources";
			outputFileListPaths = (
				"${PODS_ROOT}/Target Support Files/Pods-Example-ExampleTests/Pods-Example-ExampleTests-resources-${CONFIGURATION}-output-files.xcfilelist",
			);
			runOnlyForDeploymentPostprocessing = 0;
			shellPath = /bin/sh;
			shellScript = "\"${PODS_ROOT}/Target Support Files/Pods-Example-ExampleTests/Pods-Example-ExampleTests-resources.sh\"\n";
			showEnvVarsInLog = 0;
		};
/* End PBXShellScriptBuildPhase section */

/* Begin PBXSourcesBuildPhase section */
		637F7AC22C1B6A5700419432 /* Sources */ = {
			isa = PBXSourcesBuildPhase;
			buildActionMask = 2147483647;
			files = (
				637F7B012C1C4E1B00419432 /* DogData+CoreDataClass.swift in Sources */,
				637F7B022C1C4E1B00419432 /* DogData+CoreDataProperties.swift in Sources */,
				637F7AF72C1C475E00419432 /* Example.xcdatamodeld in Sources */,
				637F7ACE2C1B6A5700419432 /* ViewController.swift in Sources */,
				637F7AE92C1C212200419432 /* DetailsVC.swift in Sources */,
				637F7AF42C1C323500419432 /* HomeViewModel.swift in Sources */,
				637F7B052C1C4EAB00419432 /* DogDataRepository.swift in Sources */,
				637F7AF02C1C238300419432 /* DogsTVC.swift in Sources */,
				637F7ACA2C1B6A5700419432 /* AppDelegate.swift in Sources */,
				637F7AEC2C1C234200419432 /* UItableView+Extension.swift in Sources */,
				637F7AFD2C1C48E300419432 /* PersistentStorage.swift in Sources */,
				637F7ACC2C1B6A5700419432 /* SceneDelegate.swift in Sources */,
				637F7B0A2C1C4FA300419432 /* DogItem.swift in Sources */,
			);
			runOnlyForDeploymentPostprocessing = 0;
		};
		637F7B0B2C1D934600419432 /* Sources */ = {
			isa = PBXSourcesBuildPhase;
			buildActionMask = 2147483647;
			files = (
				637F7B192C1D986000419432 /* DogDataRepositoryUnitTest.swift in Sources */,
				637F7B122C1D934600419432 /* ExampleTests.swift in Sources */,
				637F7B1B2C1DE8BE00419432 /* HomeViewModelUnitTest.swift in Sources */,
			);
			runOnlyForDeploymentPostprocessing = 0;
		};
/* End PBXSourcesBuildPhase section */

/* Begin PBXTargetDependency section */
		637F7B142C1D934600419432 /* PBXTargetDependency */ = {
			isa = PBXTargetDependency;
			target = 637F7AC52C1B6A5700419432 /* Example */;
			targetProxy = 637F7B132C1D934600419432 /* PBXContainerItemProxy */;
		};
/* End PBXTargetDependency section */

/* Begin PBXVariantGroup section */
		637F7ACF2C1B6A5700419432 /* Main.storyboard */ = {
			isa = PBXVariantGroup;
			children = (
				637F7AD02C1B6A5700419432 /* Base */,
			);
			name = Main.storyboard;
			sourceTree = "<group>";
		};
		637F7AD42C1B6A5800419432 /* LaunchScreen.storyboard */ = {
			isa = PBXVariantGroup;
			children = (
				637F7AD52C1B6A5800419432 /* Base */,
			);
			name = LaunchScreen.storyboard;
			sourceTree = "<group>";
		};
/* End PBXVariantGroup section */

/* Begin XCBuildConfiguration section */
		637F7AD82C1B6A5800419432 /* Debug */ = {
			isa = XCBuildConfiguration;
			buildSettings = {
				ALWAYS_EMBED_SWIFT_STANDARD_LIBRARIES = YES;
				ALWAYS_SEARCH_USER_PATHS = NO;
				ASSETCATALOG_COMPILER_GENERATE_SWIFT_ASSET_SYMBOL_EXTENSIONS = YES;
				CLANG_ANALYZER_NONNULL = YES;
				CLANG_ANALYZER_NUMBER_OBJECT_CONVERSION = YES_AGGRESSIVE;
				CLANG_CXX_LANGUAGE_STANDARD = "gnu++20";
				CLANG_ENABLE_MODULES = YES;
				CLANG_ENABLE_OBJC_ARC = YES;
				CLANG_ENABLE_OBJC_WEAK = YES;
				CLANG_WARN_BLOCK_CAPTURE_AUTORELEASING = YES;
				CLANG_WARN_BOOL_CONVERSION = YES;
				CLANG_WARN_COMMA = YES;
				CLANG_WARN_CONSTANT_CONVERSION = YES;
				CLANG_WARN_DEPRECATED_OBJC_IMPLEMENTATIONS = YES;
				CLANG_WARN_DIRECT_OBJC_ISA_USAGE = YES_ERROR;
				CLANG_WARN_DOCUMENTATION_COMMENTS = YES;
				CLANG_WARN_EMPTY_BODY = YES;
				CLANG_WARN_ENUM_CONVERSION = YES;
				CLANG_WARN_INFINITE_RECURSION = YES;
				CLANG_WARN_INT_CONVERSION = YES;
				CLANG_WARN_NON_LITERAL_NULL_CONVERSION = YES;
				CLANG_WARN_OBJC_IMPLICIT_RETAIN_SELF = YES;
				CLANG_WARN_OBJC_LITERAL_CONVERSION = YES;
				CLANG_WARN_OBJC_ROOT_CLASS = YES_ERROR;
				CLANG_WARN_QUOTED_INCLUDE_IN_FRAMEWORK_HEADER = YES;
				CLANG_WARN_RANGE_LOOP_ANALYSIS = YES;
				CLANG_WARN_STRICT_PROTOTYPES = YES;
				CLANG_WARN_SUSPICIOUS_MOVE = YES;
				CLANG_WARN_UNGUARDED_AVAILABILITY = YES_AGGRESSIVE;
				CLANG_WARN_UNREACHABLE_CODE = YES;
				CLANG_WARN__DUPLICATE_METHOD_MATCH = YES;
				COPY_PHASE_STRIP = NO;
				DEBUG_INFORMATION_FORMAT = dwarf;
				ENABLE_STRICT_OBJC_MSGSEND = YES;
				ENABLE_TESTABILITY = YES;
				ENABLE_USER_SCRIPT_SANDBOXING = YES;
				GCC_C_LANGUAGE_STANDARD = gnu17;
				GCC_DYNAMIC_NO_PIC = NO;
				GCC_NO_COMMON_BLOCKS = YES;
				GCC_OPTIMIZATION_LEVEL = 0;
				GCC_PREPROCESSOR_DEFINITIONS = (
					"DEBUG=1",
					"$(inherited)",
				);
				GCC_WARN_64_TO_32_BIT_CONVERSION = YES;
				GCC_WARN_ABOUT_RETURN_TYPE = YES_ERROR;
				GCC_WARN_UNDECLARED_SELECTOR = YES;
				GCC_WARN_UNINITIALIZED_AUTOS = YES_AGGRESSIVE;
				GCC_WARN_UNUSED_FUNCTION = YES;
				GCC_WARN_UNUSED_VARIABLE = YES;
				IPHONEOS_DEPLOYMENT_TARGET = 16.0;
				LOCALIZATION_PREFERS_STRING_CATALOGS = YES;
				MTL_ENABLE_DEBUG_INFO = INCLUDE_SOURCE;
				MTL_FAST_MATH = YES;
				ONLY_ACTIVE_ARCH = YES;
				SDKROOT = iphoneos;
				SWIFT_ACTIVE_COMPILATION_CONDITIONS = "DEBUG $(inherited)";
				SWIFT_OPTIMIZATION_LEVEL = "-Onone";
			};
			name = Debug;
		};
		637F7AD92C1B6A5800419432 /* Release */ = {
			isa = XCBuildConfiguration;
			buildSettings = {
				ALWAYS_EMBED_SWIFT_STANDARD_LIBRARIES = YES;
				ALWAYS_SEARCH_USER_PATHS = NO;
				ASSETCATALOG_COMPILER_GENERATE_SWIFT_ASSET_SYMBOL_EXTENSIONS = YES;
				CLANG_ANALYZER_NONNULL = YES;
				CLANG_ANALYZER_NUMBER_OBJECT_CONVERSION = YES_AGGRESSIVE;
				CLANG_CXX_LANGUAGE_STANDARD = "gnu++20";
				CLANG_ENABLE_MODULES = YES;
				CLANG_ENABLE_OBJC_ARC = YES;
				CLANG_ENABLE_OBJC_WEAK = YES;
				CLANG_WARN_BLOCK_CAPTURE_AUTORELEASING = YES;
				CLANG_WARN_BOOL_CONVERSION = YES;
				CLANG_WARN_COMMA = YES;
				CLANG_WARN_CONSTANT_CONVERSION = YES;
				CLANG_WARN_DEPRECATED_OBJC_IMPLEMENTATIONS = YES;
				CLANG_WARN_DIRECT_OBJC_ISA_USAGE = YES_ERROR;
				CLANG_WARN_DOCUMENTATION_COMMENTS = YES;
				CLANG_WARN_EMPTY_BODY = YES;
				CLANG_WARN_ENUM_CONVERSION = YES;
				CLANG_WARN_INFINITE_RECURSION = YES;
				CLANG_WARN_INT_CONVERSION = YES;
				CLANG_WARN_NON_LITERAL_NULL_CONVERSION = YES;
				CLANG_WARN_OBJC_IMPLICIT_RETAIN_SELF = YES;
				CLANG_WARN_OBJC_LITERAL_CONVERSION = YES;
				CLANG_WARN_OBJC_ROOT_CLASS = YES_ERROR;
				CLANG_WARN_QUOTED_INCLUDE_IN_FRAMEWORK_HEADER = YES;
				CLANG_WARN_RANGE_LOOP_ANALYSIS = YES;
				CLANG_WARN_STRICT_PROTOTYPES = YES;
				CLANG_WARN_SUSPICIOUS_MOVE = YES;
				CLANG_WARN_UNGUARDED_AVAILABILITY = YES_AGGRESSIVE;
				CLANG_WARN_UNREACHABLE_CODE = YES;
				CLANG_WARN__DUPLICATE_METHOD_MATCH = YES;
				COPY_PHASE_STRIP = NO;
				DEBUG_INFORMATION_FORMAT = "dwarf-with-dsym";
				ENABLE_NS_ASSERTIONS = NO;
				ENABLE_STRICT_OBJC_MSGSEND = YES;
				ENABLE_USER_SCRIPT_SANDBOXING = YES;
				GCC_C_LANGUAGE_STANDARD = gnu17;
				GCC_NO_COMMON_BLOCKS = YES;
				GCC_WARN_64_TO_32_BIT_CONVERSION = YES;
				GCC_WARN_ABOUT_RETURN_TYPE = YES_ERROR;
				GCC_WARN_UNDECLARED_SELECTOR = YES;
				GCC_WARN_UNINITIALIZED_AUTOS = YES_AGGRESSIVE;
				GCC_WARN_UNUSED_FUNCTION = YES;
				GCC_WARN_UNUSED_VARIABLE = YES;
				IPHONEOS_DEPLOYMENT_TARGET = 16.0;
				LOCALIZATION_PREFERS_STRING_CATALOGS = YES;
				MTL_ENABLE_DEBUG_INFO = NO;
				MTL_FAST_MATH = YES;
				SDKROOT = iphoneos;
				SWIFT_COMPILATION_MODE = wholemodule;
				VALIDATE_PRODUCT = YES;
			};
			name = Release;
		};
		637F7ADB2C1B6A5800419432 /* Debug */ = {
			isa = XCBuildConfiguration;
			baseConfigurationReference = 81B5E543C26E5BA0B715EB1C /* Pods-Example.debug.xcconfig */;
			buildSettings = {
				ASSETCATALOG_COMPILER_APPICON_NAME = AppIcon;
				ASSETCATALOG_COMPILER_GLOBAL_ACCENT_COLOR_NAME = AccentColor;
				CODE_SIGN_STYLE = Automatic;
				CURRENT_PROJECT_VERSION = 1;
				DEVELOPMENT_TEAM = 3YQWB36V8Q;
				ENABLE_USER_SCRIPT_SANDBOXING = NO;
				GENERATE_INFOPLIST_FILE = YES;
				INFOPLIST_FILE = Example/Info.plist;
				INFOPLIST_KEY_UIApplicationSupportsIndirectInputEvents = YES;
				INFOPLIST_KEY_UILaunchStoryboardName = LaunchScreen;
				INFOPLIST_KEY_UIMainStoryboardFile = Main;
				INFOPLIST_KEY_UISupportedInterfaceOrientations_iPad = "UIInterfaceOrientationPortrait UIInterfaceOrientationPortraitUpsideDown UIInterfaceOrientationLandscapeLeft UIInterfaceOrientationLandscapeRight";
				INFOPLIST_KEY_UISupportedInterfaceOrientations_iPhone = "UIInterfaceOrientationPortrait UIInterfaceOrientationLandscapeLeft UIInterfaceOrientationLandscapeRight";
				LD_RUNPATH_SEARCH_PATHS = (
					"$(inherited)",
					"@executable_path/Frameworks",
				);
				MARKETING_VERSION = 1.0;
				PRODUCT_BUNDLE_IDENTIFIER = com.manojPOC.Example;
				PRODUCT_NAME = "$(TARGET_NAME)";
				SWIFT_EMIT_LOC_STRINGS = YES;
				SWIFT_VERSION = 5.0;
				TARGETED_DEVICE_FAMILY = "1,2";
			};
			name = Debug;
		};
		637F7ADC2C1B6A5800419432 /* Release */ = {
			isa = XCBuildConfiguration;
			baseConfigurationReference = D930EA9A317770515E87102F /* Pods-Example.release.xcconfig */;
			buildSettings = {
				ASSETCATALOG_COMPILER_APPICON_NAME = AppIcon;
				ASSETCATALOG_COMPILER_GLOBAL_ACCENT_COLOR_NAME = AccentColor;
				CODE_SIGN_STYLE = Automatic;
				CURRENT_PROJECT_VERSION = 1;
				DEVELOPMENT_TEAM = 3YQWB36V8Q;
				ENABLE_USER_SCRIPT_SANDBOXING = NO;
				GENERATE_INFOPLIST_FILE = YES;
				INFOPLIST_FILE = Example/Info.plist;
				INFOPLIST_KEY_UIApplicationSupportsIndirectInputEvents = YES;
				INFOPLIST_KEY_UILaunchStoryboardName = LaunchScreen;
				INFOPLIST_KEY_UIMainStoryboardFile = Main;
				INFOPLIST_KEY_UISupportedInterfaceOrientations_iPad = "UIInterfaceOrientationPortrait UIInterfaceOrientationPortraitUpsideDown UIInterfaceOrientationLandscapeLeft UIInterfaceOrientationLandscapeRight";
				INFOPLIST_KEY_UISupportedInterfaceOrientations_iPhone = "UIInterfaceOrientationPortrait UIInterfaceOrientationLandscapeLeft UIInterfaceOrientationLandscapeRight";
				LD_RUNPATH_SEARCH_PATHS = (
					"$(inherited)",
					"@executable_path/Frameworks",
				);
				MARKETING_VERSION = 1.0;
				PRODUCT_BUNDLE_IDENTIFIER = com.manojPOC.Example;
				PRODUCT_NAME = "$(TARGET_NAME)";
				SWIFT_EMIT_LOC_STRINGS = YES;
				SWIFT_VERSION = 5.0;
				TARGETED_DEVICE_FAMILY = "1,2";
			};
			name = Release;
		};
		637F7B152C1D934600419432 /* Debug */ = {
			isa = XCBuildConfiguration;
			baseConfigurationReference = 654DF123F7B97C72B1514B8A /* Pods-Example-ExampleTests.debug.xcconfig */;
			buildSettings = {
				BUNDLE_LOADER = "$(TEST_HOST)";
				CODE_SIGN_STYLE = Automatic;
				CURRENT_PROJECT_VERSION = 1;
				DEVELOPMENT_TEAM = 3YQWB36V8Q;
				ENABLE_USER_SCRIPT_SANDBOXING = NO;
				GENERATE_INFOPLIST_FILE = YES;
				IPHONEOS_DEPLOYMENT_TARGET = 17.5;
				MARKETING_VERSION = 1.0;
				PRODUCT_BUNDLE_IDENTIFIER = com.manojPOC.ExampleTests;
				PRODUCT_NAME = "$(TARGET_NAME)";
				SWIFT_EMIT_LOC_STRINGS = NO;
				SWIFT_VERSION = 5.0;
				TARGETED_DEVICE_FAMILY = "1,2";
				TEST_HOST = "$(BUILT_PRODUCTS_DIR)/Example.app/$(BUNDLE_EXECUTABLE_FOLDER_PATH)/Example";
			};
			name = Debug;
		};
		637F7B162C1D934600419432 /* Release */ = {
			isa = XCBuildConfiguration;
			baseConfigurationReference = 5CF3160582ECC6233CDAEED1 /* Pods-Example-ExampleTests.release.xcconfig */;
			buildSettings = {
				BUNDLE_LOADER = "$(TEST_HOST)";
				CODE_SIGN_STYLE = Automatic;
				CURRENT_PROJECT_VERSION = 1;
				DEVELOPMENT_TEAM = 3YQWB36V8Q;
				ENABLE_USER_SCRIPT_SANDBOXING = NO;
				GENERATE_INFOPLIST_FILE = YES;
				IPHONEOS_DEPLOYMENT_TARGET = 17.5;
				MARKETING_VERSION = 1.0;
				PRODUCT_BUNDLE_IDENTIFIER = com.manojPOC.ExampleTests;
				PRODUCT_NAME = "$(TARGET_NAME)";
				SWIFT_EMIT_LOC_STRINGS = NO;
				SWIFT_VERSION = 5.0;
				TARGETED_DEVICE_FAMILY = "1,2";
				TEST_HOST = "$(BUILT_PRODUCTS_DIR)/Example.app/$(BUNDLE_EXECUTABLE_FOLDER_PATH)/Example";
			};
			name = Release;
		};
/* End XCBuildConfiguration section */

/* Begin XCConfigurationList section */
		637F7AC12C1B6A5700419432 /* Build configuration list for PBXProject "Example" */ = {
			isa = XCConfigurationList;
			buildConfigurations = (
				637F7AD82C1B6A5800419432 /* Debug */,
				637F7AD92C1B6A5800419432 /* Release */,
			);
			defaultConfigurationIsVisible = 0;
			defaultConfigurationName = Release;
		};
		637F7ADA2C1B6A5800419432 /* Build configuration list for PBXNativeTarget "Example" */ = {
			isa = XCConfigurationList;
			buildConfigurations = (
				637F7ADB2C1B6A5800419432 /* Debug */,
				637F7ADC2C1B6A5800419432 /* Release */,
			);
			defaultConfigurationIsVisible = 0;
			defaultConfigurationName = Release;
		};
		637F7B172C1D934600419432 /* Build configuration list for PBXNativeTarget "ExampleTests" */ = {
			isa = XCConfigurationList;
			buildConfigurations = (
				637F7B152C1D934600419432 /* Debug */,
				637F7B162C1D934600419432 /* Release */,
			);
			defaultConfigurationIsVisible = 0;
			defaultConfigurationName = Release;
		};
/* End XCConfigurationList section */

/* Begin XCVersionGroup section */
		637F7AF52C1C475E00419432 /* Example.xcdatamodeld */ = {
			isa = XCVersionGroup;
			children = (
				637F7AF62C1C475E00419432 /* Example.xcdatamodel */,
			);
			currentVersion = 637F7AF62C1C475E00419432 /* Example.xcdatamodel */;
			name = Example.xcdatamodeld;
			path = "/Users/manojchvan/Documents/ios/dog-fetcher-sdk/Example/Example/Example.xcdatamodeld";
			sourceTree = "<group>";
			versionGroupType = wrapper.xcdatamodel;
		};
/* End XCVersionGroup section */
	};
	rootObject = 637F7ABE2C1B6A5700419432 /* Project object */;
}
